
Microsoft Visual Studio Solution File, Format Version 11.00
# Visual Studio 2010
Project("{8BC9CEB8-8B4A-11D0-8D11-00A0C91BC942}") = "hlsEncoder", "hlsEncoder\hlsEncoder.vcxproj", "{F532E550-36EA-4951-8937-43995AFB371E}"
EndProject
Project("{8BC9CEB8-8B4A-11D0-8D11-00A0C91BC942}") = "monitor", "monitor\monitor.vcxproj", "{A41AF38E-B09B-4511-A72D-6518EA530825}"
EndProject
Global
	GlobalSection(SolutionConfigurationPlatforms) = preSolution
		Debug|Win32 = Debug|Win32
		Release|Win32 = Release|Win32
	EndGlobalSection
	GlobalSection(ProjectConfigurationPlatforms) = postSolution
		{F532E550-36EA-4951-8937-43995AFB371E}.Debug|Win32.ActiveCfg = Debug|Win32
		{F532E550-36EA-4951-8937-43995AFB371E}.Debug|Win32.Build.0 = Debug|Win32
		{F532E550-36EA-4951-8937-43995AFB371E}.Release|Win32.ActiveCfg = Release|Win32
		{F532E550-36EA-4951-8937-43995AFB371E}.Release|Win32.Build.0 = Release|Win32
		{A41AF38E-B09B-4511-A72D-6518EA530825}.Debug|Win32.ActiveCfg = Debug|Win32
		{A41AF38E-B09B-4511-A72D-6518EA530825}.Debug|Win32.Build.0 = Debug|Win32
		{A41AF38E-B09B-4511-A72D-6518EA530825}.Release|Win32.ActiveCfg = Release|Win32
		{A41AF38E-B09B-4511-A72D-6518EA530825}.Release|Win32.Build.0 = Release|Win32
	EndGlobalSection
	GlobalSection(SolutionProperties) = preSolution
		HideSolutionNode = FALSE
	EndGlobalSection
EndGlobal
